// !$*UTF8*$!
{
	archiveVersion = 1;
	classes = {
	};
	objectVersion = 46;
	objects = {

/* Begin PBXBuildFile section */
		2ECF5E1F1E92801A0030AAFE /* AppDelegate.m in Sources */ = {isa = PBXBuildFile; fileRef = 2ECF5E1E1E92801A0030AAFE /* AppDelegate.m */; };
		2ECF5E221E92801A0030AAFE /* main.m in Sources */ = {isa = PBXBuildFile; fileRef = 2ECF5E211E92801A0030AAFE /* main.m */; };
		2ECF5E251E92801A0030AAFE /* ViewController.m in Sources */ = {isa = PBXBuildFile; fileRef = 2ECF5E241E92801A0030AAFE /* ViewController.m */; };
		2ECF5E271E92801A0030AAFE /* Assets.xcassets in Resources */ = {isa = PBXBuildFile; fileRef = 2ECF5E261E92801A0030AAFE /* Assets.xcassets */; };
		2ECF5E2A1E92801A0030AAFE /* Main.storyboard in Resources */ = {isa = PBXBuildFile; fileRef = 2ECF5E281E92801A0030AAFE /* Main.storyboard */; };
		2ECF5E351E92801A0030AAFE /* TestTests.m in Sources */ = {isa = PBXBuildFile; fileRef = 2ECF5E341E92801A0030AAFE /* TestTests.m */; };
		2ECF5E401E92801A0030AAFE /* TestUITests.m in Sources */ = {isa = PBXBuildFile; fileRef = 2ECF5E3F1E92801A0030AAFE /* TestUITests.m */; };
/* End PBXBuildFile section */

/* Begin PBXContainerItemProxy section */
		2ECF5E311E92801A0030AAFE /* PBXContainerItemProxy */ = {
			isa = PBXContainerItemProxy;
			containerPortal = 2ECF5E121E92801A0030AAFE /* Project object */;
			proxyType = 1;
			remoteGlobalIDString = 2ECF5E191E92801A0030AAFE;
			remoteInfo = Test;
		};
		2ECF5E3C1E92801A0030AAFE /* PBXContainerItemProxy */ = {
			isa = PBXContainerItemProxy;
			containerPortal = 2ECF5E121E92801A0030AAFE /* Project object */;
			proxyType = 1;
			remoteGlobalIDString = 2ECF5E191E92801A0030AAFE;
			remoteInfo = Test;
		};
/* End PBXContainerItemProxy section */

/* Begin PBXFileReference section */
		2ECF5E1A1E92801A0030AAFE /* Test.app */ = {isa = PBXFileReference; explicitFileType = wrapper.application; includeInIndex = 0; path = Test.app; sourceTree = BUILT_PRODUCTS_DIR; };
		2ECF5E1D1E92801A0030AAFE /* AppDelegate.h */ = {isa = PBXFileReference; lastKnownFileType = sourcecode.c.h; path = AppDelegate.h; sourceTree = "<group>"; };
		2ECF5E1E1E92801A0030AAFE /* AppDelegate.m */ = {isa = PBXFileReference; lastKnownFileType = sourcecode.c.objc; path = AppDelegate.m; sourceTree = "<group>"; };
		2ECF5E211E92801A0030AAFE /* main.m */ = {isa = PBXFileReference; lastKnownFileType = sourcecode.c.objc; path = main.m; sourceTree = "<group>"; };
		2ECF5E231E92801A0030AAFE /* ViewController.h */ = {isa = PBXFileReference; lastKnownFileType = sourcecode.c.h; path = ViewController.h; sourceTree = "<group>"; };
		2ECF5E241E92801A0030AAFE /* ViewController.m */ = {isa = PBXFileReference; lastKnownFileType = sourcecode.c.objc; path = ViewController.m; sourceTree = "<group>"; };
		2ECF5E261E92801A0030AAFE /* Assets.xcassets */ = {isa = PBXFileReference; lastKnownFileType = folder.assetcatalog; path = Assets.xcassets; sourceTree = "<group>"; };
		2ECF5E291E92801A0030AAFE /* Base */ = {isa = PBXFileReference; lastKnownFileType = file.storyboard; name = Base; path = Base.lproj/Main.storyboard; sourceTree = "<group>"; };
		2ECF5E2B1E92801A0030AAFE /* Info.plist */ = {isa = PBXFileReference; lastKnownFileType = text.plist.xml; path = Info.plist; sourceTree = "<group>"; };
		2ECF5E301E92801A0030AAFE /* TestTests.xctest */ = {isa = PBXFileReference; explicitFileType = wrapper.cfbundle; includeInIndex = 0; path = TestTests.xctest; sourceTree = BUILT_PRODUCTS_DIR; };
		2ECF5E341E92801A0030AAFE /* TestTests.m */ = {isa = PBXFileReference; lastKnownFileType = sourcecode.c.objc; path = TestTests.m; sourceTree = "<group>"; };
		2ECF5E361E92801A0030AAFE /* Info.plist */ = {isa = PBXFileReference; lastKnownFileType = text.plist.xml; path = Info.plist; sourceTree = "<group>"; };
		2ECF5E3B1E92801A0030AAFE /* TestUITests.xctest */ = {isa = PBXFileReference; explicitFileType = wrapper.cfbundle; includeInIndex = 0; path = TestUITests.xctest; sourceTree = BUILT_PRODUCTS_DIR; };
		2ECF5E3F1E92801A0030AAFE /* TestUITests.m */ = {isa = PBXFileReference; lastKnownFileType = sourcecode.c.objc; path = TestUITests.m; sourceTree = "<group>"; };
		2ECF5E411E92801A0030AAFE /* Info.plist */ = {isa = PBXFileReference; lastKnownFileType = text.plist.xml; path = Info.plist; sourceTree = "<group>"; };
/* End PBXFileReference section */

/* Begin PBXFrameworksBuildPhase section */
		2ECF5E171E92801A0030AAFE /* Frameworks */ = {
			isa = PBXFrameworksBuildPhase;
			buildActionMask = 2147483647;
			files = (
			);
			runOnlyForDeploymentPostprocessing = 0;
		};
		2ECF5E2D1E92801A0030AAFE /* Frameworks */ = {
			isa = PBXFrameworksBuildPhase;
			buildActionMask = 2147483647;
			files = (
			);
			runOnlyForDeploymentPostprocessing = 0;
		};
		2ECF5E381E92801A0030AAFE /* Frameworks */ = {
			isa = PBXFrameworksBuildPhase;
			buildActionMask = 2147483647;
			files = (
			);
			runOnlyForDeploymentPostprocessing = 0;
		};
/* End PBXFrameworksBuildPhase section */

/* Begin PBXGroup section */
		2ECF5E111E92801A0030AAFE = {
			isa = PBXGroup;
			children = (
				2ECF5E1C1E92801A0030AAFE /* Test */,
				2ECF5E331E92801A0030AAFE /* TestTests */,
				2ECF5E3E1E92801A0030AAFE /* TestUITests */,
				2ECF5E1B1E92801A0030AAFE /* Products */,
			);
			sourceTree = "<group>";
		};
		2ECF5E1B1E92801A0030AAFE /* Products */ = {
			isa = PBXGroup;
			children = (
				2ECF5E1A1E92801A0030AAFE /* Test.app */,
				2ECF5E301E92801A0030AAFE /* TestTests.xctest */,
				2ECF5E3B1E92801A0030AAFE /* TestUITests.xctest */,
			);
			name = Products;
			sourceTree = "<group>";
		};
		2ECF5E1C1E92801A0030AAFE /* Test */ = {
			isa = PBXGroup;
			children = (
				2ECF5E1D1E92801A0030AAFE /* AppDelegate.h */,
				2ECF5E1E1E92801A0030AAFE /* AppDelegate.m */,
				2ECF5E231E92801A0030AAFE /* ViewController.h */,
				2ECF5E241E92801A0030AAFE /* ViewController.m */,
				2ECF5E261E92801A0030AAFE /* Assets.xcassets */,
				2ECF5E281E92801A0030AAFE /* Main.storyboard */,
				2ECF5E2B1E92801A0030AAFE /* Info.plist */,
				2ECF5E201E92801A0030AAFE /* Supporting Files */,
			);
			path = Test;
			sourceTree = "<group>";
		};
		2ECF5E201E92801A0030AAFE /* Supporting Files */ = {
			isa = PBXGroup;
			children = (
				2ECF5E211E92801A0030AAFE /* main.m */,
			);
			name = "Supporting Files";
			sourceTree = "<group>";
		};
		2ECF5E331E92801A0030AAFE /* TestTests */ = {
			isa = PBXGroup;
			children = (
				2ECF5E341E92801A0030AAFE /* TestTests.m */,
				2ECF5E361E92801A0030AAFE /* Info.plist */,
			);
			path = TestTests;
			sourceTree = "<group>";
		};
		2ECF5E3E1E92801A0030AAFE /* TestUITests */ = {
			isa = PBXGroup;
			children = (
				2ECF5E3F1E92801A0030AAFE /* TestUITests.m */,
				2ECF5E411E92801A0030AAFE /* Info.plist */,
			);
			path = TestUITests;
			sourceTree = "<group>";
		};
/* End PBXGroup section */

/* Begin PBXNativeTarget section */
		2ECF5E191E92801A0030AAFE /* Test */ = {
			isa = PBXNativeTarget;
			buildConfigurationList = 2ECF5E441E92801A0030AAFE /* Build configuration list for PBXNativeTarget "Test" */;
			buildPhases = (
				2ECF5E161E92801A0030AAFE /* Sources */,
				2ECF5E171E92801A0030AAFE /* Frameworks */,
				2ECF5E181E92801A0030AAFE /* Resources */,
			);
			buildRules = (
			);
			dependencies = (
			);
			name = Test;
			productName = Test;
			productReference = 2ECF5E1A1E92801A0030AAFE /* Test.app */;
			productType = "com.apple.product-type.application";
		};
		2ECF5E2F1E92801A0030AAFE /* TestTests */ = {
			isa = PBXNativeTarget;
			buildConfigurationList = 2ECF5E471E92801A0030AAFE /* Build configuration list for PBXNativeTarget "TestTests" */;
			buildPhases = (
				2ECF5E2C1E92801A0030AAFE /* Sources */,
				2ECF5E2D1E92801A0030AAFE /* Frameworks */,
				2ECF5E2E1E92801A0030AAFE /* Resources */,
			);
			buildRules = (
			);
			dependencies = (
				2ECF5E321E92801A0030AAFE /* PBXTargetDependency */,
			);
			name = TestTests;
			productName = TestTests;
			productReference = 2ECF5E301E92801A0030AAFE /* TestTests.xctest */;
			productType = "com.apple.product-type.bundle.unit-test";
		};
		2ECF5E3A1E92801A0030AAFE /* TestUITests */ = {
			isa = PBXNativeTarget;
			buildConfigurationList = 2ECF5E4A1E92801A0030AAFE /* Build configuration list for PBXNativeTarget "TestUITests" */;
			buildPhases = (
				2ECF5E371E92801A0030AAFE /* Sources */,
				2ECF5E381E92801A0030AAFE /* Frameworks */,
				2ECF5E391E92801A0030AAFE /* Resources */,
			);
			buildRules = (
			);
			dependencies = (
				2ECF5E3D1E92801A0030AAFE /* PBXTargetDependency */,
			);
			name = TestUITests;
			productName = TestUITests;
			productReference = 2ECF5E3B1E92801A0030AAFE /* TestUITests.xctest */;
			productType = "com.apple.product-type.bundle.ui-testing";
		};
/* End PBXNativeTarget section */

/* Begin PBXProject section */
		2ECF5E121E92801A0030AAFE /* Project object */ = {
			isa = PBXProject;
			attributes = {
				LastUpgradeCheck = 0720;
				ORGANIZATIONNAME = ksiritantikorn19;
				TargetAttributes = {
					2ECF5E191E92801A0030AAFE = {
						CreatedOnToolsVersion = 7.2.1;
					};
					2ECF5E2F1E92801A0030AAFE = {
						CreatedOnToolsVersion = 7.2.1;
						TestTargetID = 2ECF5E191E92801A0030AAFE;
					};
					2ECF5E3A1E92801A0030AAFE = {
						CreatedOnToolsVersion = 7.2.1;
						TestTargetID = 2ECF5E191E92801A0030AAFE;
					};
				};
			};
			buildConfigurationList = 2ECF5E151E92801A0030AAFE /* Build configuration list for PBXProject "Test" */;
			compatibilityVersion = "Xcode 3.2";
			developmentRegion = English;
			hasScannedForEncodings = 0;
			knownRegions = (
				en,
				Base,
			);
			mainGroup = 2ECF5E111E92801A0030AAFE;
			productRefGroup = 2ECF5E1B1E92801A0030AAFE /* Products */;
			projectDirPath = "";
			projectRoot = "";
			targets = (
				2ECF5E191E92801A0030AAFE /* Test */,
				2ECF5E2F1E92801A0030AAFE /* TestTests */,
				2ECF5E3A1E92801A0030AAFE /* TestUITests */,
			);
		};
/* End PBXProject section */

/* Begin PBXResourcesBuildPhase section */
		2ECF5E181E92801A0030AAFE /* Resources */ = {
			isa = PBXResourcesBuildPhase;
			buildActionMask = 2147483647;
			files = (
				2ECF5E271E92801A0030AAFE /* Assets.xcassets in Resources */,
				2ECF5E2A1E92801A0030AAFE /* Main.storyboard in Resources */,
			);
			runOnlyForDeploymentPostprocessing = 0;
		};
		2ECF5E2E1E92801A0030AAFE /* Resources */ = {
			isa = PBXResourcesBuildPhase;
			buildActionMask = 2147483647;
			files = (
			);
			runOnlyForDeploymentPostprocessing = 0;
		};
		2ECF5E391E92801A0030AAFE /* Resources */ = {
			isa = PBXResourcesBuildPhase;
			buildActionMask = 2147483647;
			files = (
			);
			runOnlyForDeploymentPostprocessing = 0;
		};
/* End PBXResourcesBuildPhase section */

/* Begin PBXSourcesBuildPhase section */
		2ECF5E161E92801A0030AAFE /* Sources */ = {
			isa = PBXSourcesBuildPhase;
			buildActionMask = 2147483647;
			files = (
				2ECF5E251E92801A0030AAFE /* ViewController.m in Sources */,
				2ECF5E221E92801A0030AAFE /* main.m in Sources */,
				2ECF5E1F1E92801A0030AAFE /* AppDelegate.m in Sources */,
			);
			runOnlyForDeploymentPostprocessing = 0;
		};
		2ECF5E2C1E92801A0030AAFE /* Sources */ = {
			isa = PBXSourcesBuildPhase;
			buildActionMask = 2147483647;
			files = (
				2ECF5E351E92801A0030AAFE /* TestTests.m in Sources */,
			);
			runOnlyForDeploymentPostprocessing = 0;
		};
		2ECF5E371E92801A0030AAFE /* Sources */ = {
			isa = PBXSourcesBuildPhase;
			buildActionMask = 2147483647;
			files = (
				2ECF5E401E92801A0030AAFE /* TestUITests.m in Sources */,
			);
			runOnlyForDeploymentPostprocessing = 0;
		};
/* End PBXSourcesBuildPhase section */

/* Begin PBXTargetDependency section */
		2ECF5E321E92801A0030AAFE /* PBXTargetDependency */ = {
			isa = PBXTargetDependency;
			target = 2ECF5E191E92801A0030AAFE /* Test */;
			targetProxy = 2ECF5E311E92801A0030AAFE /* PBXContainerItemProxy */;
		};
		2ECF5E3D1E92801A0030AAFE /* PBXTargetDependency */ = {
			isa = PBXTargetDependency;
			target = 2ECF5E191E92801A0030AAFE /* Test */;
			targetProxy = 2ECF5E3C1E92801A0030AAFE /* PBXContainerItemProxy */;
		};
/* End PBXTargetDependency section */

/* Begin PBXVariantGroup section */
		2ECF5E281E92801A0030AAFE /* Main.storyboard */ = {
			isa = PBXVariantGroup;
			children = (
				2ECF5E291E92801A0030AAFE /* Base */,
			);
			name = Main.storyboard;
			sourceTree = "<group>";
		};
/* End PBXVariantGroup section */

/* Begin XCBuildConfiguration section */
		2ECF5E421E92801A0030AAFE /* Debug */ = {
			isa = XCBuildConfiguration;
			buildSettings = {
				ALWAYS_SEARCH_USER_PATHS = NO;
				CLANG_CXX_LANGUAGE_STANDARD = "gnu++0x";
				CLANG_CXX_LIBRARY = "libc++";
				CLANG_ENABLE_MODULES = YES;
				CLANG_ENABLE_OBJC_ARC = YES;
				CLANG_WARN_BOOL_CONVERSION = YES;
				CLANG_WARN_CONSTANT_CONVERSION = YES;
				CLANG_WARN_DIRECT_OBJC_ISA_USAGE = YES_ERROR;
				CLANG_WARN_EMPTY_BODY = YES;
				CLANG_WARN_ENUM_CONVERSION = YES;
				CLANG_WARN_INT_CONVERSION = YES;
				CLANG_WARN_OBJC_ROOT_CLASS = YES_ERROR;
				CLANG_WARN_UNREACHABLE_CODE = YES;
				CLANG_WARN__DUPLICATE_METHOD_MATCH = YES;
				CODE_SIGN_IDENTITY = "-";
				COPY_PHASE_STRIP = NO;
				DEBUG_INFORMATION_FORMAT = dwarf;
				ENABLE_STRICT_OBJC_MSGSEND = YES;
				ENABLE_TESTABILITY = YES;
				GCC_C_LANGUAGE_STANDARD = gnu99;
				GCC_DYNAMIC_NO_PIC = NO;
				GCC_NO_COMMON_BLOCKS = YES;
				GCC_OPTIMIZATION_LEVEL = 0;
				GCC_PREPROCESSOR_DEFINITIONS = (
					"DEBUG=1",
					"$(inherited)",
				);
				GCC_WARN_64_TO_32_BIT_CONVERSION = YES;
				GCC_WARN_ABOUT_RETURN_TYPE = YES_ERROR;
				GCC_WARN_UNDECLARED_SELECTOR = YES;
				GCC_WARN_UNINITIALIZED_AUTOS = YES_AGGRESSIVE;
				GCC_WARN_UNUSED_FUNCTION = YES;
				GCC_WARN_UNUSED_VARIABLE = YES;
				MACOSX_DEPLOYMENT_TARGET = 10.10;
				MTL_ENABLE_DEBUG_INFO = YES;
				ONLY_ACTIVE_ARCH = YES;
				SDKROOT = macosx;
			};
			name = Debug;
		};
		2ECF5E431E92801A0030AAFE /* Release */ = {
			isa = XCBuildConfiguration;
			buildSettings = {
				ALWAYS_SEARCH_USER_PATHS = NO;
				CLANG_CXX_LANGUAGE_STANDARD = "gnu++0x";
				CLANG_CXX_LIBRARY = "libc++";
				CLANG_ENABLE_MODULES = YES;
				CLANG_ENABLE_OBJC_ARC = YES;
				CLANG_WARN_BOOL_CONVERSION = YES;
				CLANG_WARN_CONSTANT_CONVERSION = YES;
				CLANG_WARN_DIRECT_OBJC_ISA_USAGE = YES_ERROR;
				CLANG_WARN_EMPTY_BODY = YES;
				CLANG_WARN_ENUM_CONVERSION = YES;
				CLANG_WARN_INT_CONVERSION = YES;
				CLANG_WARN_OBJC_ROOT_CLASS = YES_ERROR;
				CLANG_WARN_UNREACHABLE_CODE = YES;
				CLANG_WARN__DUPLICATE_METHOD_MATCH = YES;
				CODE_SIGN_IDENTITY = "-";
				COPY_PHASE_STRIP = NO;
				DEBUG_INFORMATION_FORMAT = "dwarf-with-dsym";
				ENABLE_NS_ASSERTIONS = NO;
				ENABLE_STRICT_OBJC_MSGSEND = YES;
				GCC_C_LANGUAGE_STANDARD = gnu99;
				GCC_NO_COMMON_BLOCKS = YES;
				GCC_WARN_64_TO_32_BIT_CONVERSION = YES;
				GCC_WARN_ABOUT_RETURN_TYPE = YES_ERROR;
				GCC_WARN_UNDECLARED_SELECTOR = YES;
				GCC_WARN_UNINITIALIZED_AUTOS = YES_AGGRESSIVE;
				GCC_WARN_UNUSED_FUNCTION = YES;
				GCC_WARN_UNUSED_VARIABLE = YES;
				MACOSX_DEPLOYMENT_TARGET = 10.10;
				MTL_ENABLE_DEBUG_INFO = NO;
				SDKROOT = macosx;
			};
			name = Release;
		};
		2ECF5E451E92801A0030AAFE /* Debug */ = {
			isa = XCBuildConfiguration;
			buildSettings = {
				ASSETCATALOG_COMPILER_APPICON_NAME = AppIcon;
				COMBINE_HIDPI_IMAGES = YES;
				INFOPLIST_FILE = Test/Info.plist;
				LD_RUNPATH_SEARCH_PATHS = "$(inherited) @executable_path/../Frameworks";
				PRODUCT_BUNDLE_IDENTIFIER = acs.Test;
				PRODUCT_NAME = "$(TARGET_NAME)";
			};
			name = Debug;
		};
		2ECF5E461E92801A0030AAFE /* Release */ = {
			isa = XCBuildConfiguration;
			buildSettings = {
				ASSETCATALOG_COMPILER_APPICON_NAME = AppIcon;
				COMBINE_HIDPI_IMAGES = YES;
				INFOPLIST_FILE = Test/Info.plist;
				LD_RUNPATH_SEARCH_PATHS = "$(inherited) @executable_path/../Frameworks";
				PRODUCT_BUNDLE_IDENTIFIER = acs.Test;
				PRODUCT_NAME = "$(TARGET_NAME)";
			};
			name = Release;
		};
		2ECF5E481E92801A0030AAFE /* Debug */ = {
			isa = XCBuildConfiguration;
			buildSettings = {
				BUNDLE_LOADER = "$(TEST_HOST)";
				COMBINE_HIDPI_IMAGES = YES;
				INFOPLIST_FILE = TestTests/Info.plist;
				LD_RUNPATH_SEARCH_PATHS = "$(inherited) @executable_path/../Frameworks @loader_path/../Frameworks";
				PRODUCT_BUNDLE_IDENTIFIER = acs.TestTests;
				PRODUCT_NAME = "$(TARGET_NAME)";
				TEST_HOST = "$(BUILT_PRODUCTS_DIR)/Test.app/Contents/MacOS/Test";
			};
			name = Debug;
		};
		2ECF5E491E92801A0030AAFE /* Release */ = {
			isa = XCBuildConfiguration;
			buildSettings = {
				BUNDLE_LOADER = "$(TEST_HOST)";
				COMBINE_HIDPI_IMAGES = YES;
				INFOPLIST_FILE = TestTests/Info.plist;
				LD_RUNPATH_SEARCH_PATHS = "$(inherited) @executable_path/../Frameworks @loader_path/../Frameworks";
				PRODUCT_BUNDLE_IDENTIFIER = acs.TestTests;
				PRODUCT_NAME = "$(TARGET_NAME)";
				TEST_HOST = "$(BUILT_PRODUCTS_DIR)/Test.app/Contents/MacOS/Test";
			};
			name = Release;
		};
		2ECF5E4B1E92801A0030AAFE /* Debug */ = {
			isa = XCBuildConfiguration;
			buildSettings = {
				COMBINE_HIDPI_IMAGES = YES;
				INFOPLIST_FILE = TestUITests/Info.plist;
				LD_RUNPATH_SEARCH_PATHS = "$(inherited) @executable_path/../Frameworks @loader_path/../Frameworks";
				PRODUCT_BUNDLE_IDENTIFIER = acs.TestUITests;
				PRODUCT_NAME = "$(TARGET_NAME)";
				TEST_TARGET_NAME = Test;
				USES_XCTRUNNER = YES;
			};
			name = Debug;
		};
		2ECF5E4C1E92801A0030AAFE /* Release */ = {
			isa = XCBuildConfiguration;
			buildSettings = {
				COMBINE_HIDPI_IMAGES = YES;
				INFOPLIST_FILE = TestUITests/Info.plist;
				LD_RUNPATH_SEARCH_PATHS = "$(inherited) @executable_path/../Frameworks @loader_path/../Frameworks";
				PRODUCT_BUNDLE_IDENTIFIER = acs.TestUITests;
				PRODUCT_NAME = "$(TARGET_NAME)";
				TEST_TARGET_NAME = Test;
				USES_XCTRUNNER = YES;
			};
			name = Release;
		};
/* End XCBuildConfiguration section */

/* Begin XCConfigurationList section */
		2ECF5E151E92801A0030AAFE /* Build configuration list for PBXProject "Test" */ = {
			isa = XCConfigurationList;
			buildConfigurations = (
				2ECF5E421E92801A0030AAFE /* Debug */,
				2ECF5E431E92801A0030AAFE /* Release */,
			);
			defaultConfigurationIsVisible = 0;
			defaultConfigurationName = Release;
		};
		2ECF5E441E92801A0030AAFE /* Build configuration list for PBXNativeTarget "Test" */ = {
			isa = XCConfigurationList;
			buildConfigurations = (
				2ECF5E451E92801A0030AAFE /* Debug */,
				2ECF5E461E92801A0030AAFE /* Release */,
			);
			defaultConfigurationIsVisible = 0;
		};
		2ECF5E471E92801A0030AAFE /* Build configuration list for PBXNativeTarget "TestTests" */ = {
			isa = XCConfigurationList;
			buildConfigurations = (
				2ECF5E481E92801A0030AAFE /* Debug */,
				2ECF5E491E92801A0030AAFE /* Release */,
			);
			defaultConfigurationIsVisible = 0;
		};
		2ECF5E4A1E92801A0030AAFE /* Build configuration list for PBXNativeTarget "TestUITests" */ = {
			isa = XCConfigurationList;
			buildConfigurations = (
				2ECF5E4B1E92801A0030AAFE /* Debug */,
				2ECF5E4C1E92801A0030AAFE /* Release */,
			);
			defaultConfigurationIsVisible = 0;
		};
/* End XCConfigurationList section */
	};
	rootObject = 2ECF5E121E92801A0030AAFE /* Project object */;
}
